
Microsoft Visual Studio Solution File, Format Version 12.00
# Visual Studio Version 17
VisualStudioVersion = 17.13.35913.81 d17.13
MinimumVisualStudioVersion = 10.0.40219.1
Project("{54A90642-561A-4BB1-A94E-469ADEE60C69}") = "thrifto.client", "thrifto.client\thrifto.client.esproj", "{57DAD1B0-B8B2-BB1B-BE4D-F37AD976A03A}"
EndProject
Project("{FAE04EC0-301F-11D3-BF4B-00C04F79EFBC}") = "Thrifto.Server", "Thrifto.Server\Thrifto.Server.csproj", "{CD13A94E-3F33-4ACC-82BA-90648A3ECC06}"
EndProject
Global
	GlobalSection(SolutionConfigurationPlatforms) = preSolution
		Debug|Any CPU = Debug|Any CPU
		Release|Any CPU = Release|Any CPU
	EndGlobalSection
	GlobalSection(ProjectConfigurationPlatforms) = postSolution
		{57DAD1B0-B8B2-BB1B-BE4D-F37AD976A03A}.Debug|Any CPU.ActiveCfg = Debug|Any CPU
		{57DAD1B0-B8B2-BB1B-BE4D-F37AD976A03A}.Debug|Any CPU.Build.0 = Debug|Any CPU
		{57DAD1B0-B8B2-BB1B-BE4D-F37AD976A03A}.Debug|Any CPU.Deploy.0 = Debug|Any CPU
		{57DAD1B0-B8B2-BB1B-BE4D-F37AD976A03A}.Release|Any CPU.ActiveCfg = Release|Any CPU
		{57DAD1B0-B8B2-BB1B-BE4D-F37AD976A03A}.Release|Any CPU.Build.0 = Release|Any CPU
		{57DAD1B0-B8B2-BB1B-BE4D-F37AD976A03A}.Release|Any CPU.Deploy.0 = Release|Any CPU
		{CD13A94E-3F33-4ACC-82BA-90648A3ECC06}.Debug|Any CPU.ActiveCfg = Debug|Any CPU
		{CD13A94E-3F33-4ACC-82BA-90648A3ECC06}.Debug|Any CPU.Build.0 = Debug|Any CPU
		{CD13A94E-3F33-4ACC-82BA-90648A3ECC06}.Release|Any CPU.ActiveCfg = Release|Any CPU
		{CD13A94E-3F33-4ACC-82BA-90648A3ECC06}.Release|Any CPU.Build.0 = Release|Any CPU
	EndGlobalSection
	GlobalSection(SolutionProperties) = preSolution
		HideSolutionNode = FALSE
	EndGlobalSection
	GlobalSection(ExtensibilityGlobals) = postSolution
		SolutionGuid = {E776C862-678E-454F-886A-8B18E2A0DC2D}
	EndGlobalSection
EndGlobal
